
Microsoft Visual Studio Solution File, Format Version 12.00
# Visual Studio Version 16
VisualStudioVersion = 16.0.31129.286
MinimumVisualStudioVersion = 10.0.40219.1
Project("{FAE04EC0-301F-11D3-BF4B-00C04F79EFBC}") = "Functions", "Functions\Functions.csproj", "{0406FA8D-106F-4EB4-94EB-4D02FFD46D30}"
EndProject
Project("{FAE04EC0-301F-11D3-BF4B-00C04F79EFBC}") = "Resources", "Resources\Resources.csproj", "{DE73EEC7-FE46-411E-8472-605CFC1B045D}"
EndProject
Project("{FAE04EC0-301F-11D3-BF4B-00C04F79EFBC}") = "Data", "Data\Data.csproj", "{F922D78C-2F9B-43DC-9CED-8CEAA63D9925}"
EndProject
Project("{FAE04EC0-301F-11D3-BF4B-00C04F79EFBC}") = "Loader", "Loader\Loader.csproj", "{D07DF805-5D98-43D6-8A44-88236A34A292}"
EndProject
Global
	GlobalSection(SolutionConfigurationPlatforms) = preSolution
		Debug|Any CPU = Debug|Any CPU
		Release|Any CPU = Release|Any CPU
	EndGlobalSection
	GlobalSection(ProjectConfigurationPlatforms) = postSolution
		{0406FA8D-106F-4EB4-94EB-4D02FFD46D30}.Debug|Any CPU.ActiveCfg = Debug|Any CPU
		{0406FA8D-106F-4EB4-94EB-4D02FFD46D30}.Debug|Any CPU.Build.0 = Debug|Any CPU
		{0406FA8D-106F-4EB4-94EB-4D02FFD46D30}.Release|Any CPU.ActiveCfg = Release|Any CPU
		{0406FA8D-106F-4EB4-94EB-4D02FFD46D30}.Release|Any CPU.Build.0 = Release|Any CPU
		{DE73EEC7-FE46-411E-8472-605CFC1B045D}.Debug|Any CPU.ActiveCfg = Debug|Any CPU
		{DE73EEC7-FE46-411E-8472-605CFC1B045D}.Debug|Any CPU.Build.0 = Debug|Any CPU
		{DE73EEC7-FE46-411E-8472-605CFC1B045D}.Release|Any CPU.ActiveCfg = Release|Any CPU
		{DE73EEC7-FE46-411E-8472-605CFC1B045D}.Release|Any CPU.Build.0 = Release|Any CPU
		{F922D78C-2F9B-43DC-9CED-8CEAA63D9925}.Debug|Any CPU.ActiveCfg = Debug|Any CPU
		{F922D78C-2F9B-43DC-9CED-8CEAA63D9925}.Debug|Any CPU.Build.0 = Debug|Any CPU
		{F922D78C-2F9B-43DC-9CED-8CEAA63D9925}.Release|Any CPU.ActiveCfg = Release|Any CPU
		{F922D78C-2F9B-43DC-9CED-8CEAA63D9925}.Release|Any CPU.Build.0 = Release|Any CPU
		{D07DF805-5D98-43D6-8A44-88236A34A292}.Debug|Any CPU.ActiveCfg = Debug|Any CPU
		{D07DF805-5D98-43D6-8A44-88236A34A292}.Debug|Any CPU.Build.0 = Debug|Any CPU
		{D07DF805-5D98-43D6-8A44-88236A34A292}.Release|Any CPU.ActiveCfg = Release|Any CPU
		{D07DF805-5D98-43D6-8A44-88236A34A292}.Release|Any CPU.Build.0 = Release|Any CPU
	EndGlobalSection
	GlobalSection(SolutionProperties) = preSolution
		HideSolutionNode = FALSE
	EndGlobalSection
	GlobalSection(ExtensibilityGlobals) = postSolution
		SolutionGuid = {90B47EA2-114C-4E2F-B469-6613FE27F533}
	EndGlobalSection
EndGlobal
